
Microsoft Visual Studio Solution File, Format Version 12.00
# Visual Studio Version 17
VisualStudioVersion = 17.6.33723.286
MinimumVisualStudioVersion = 10.0.40219.1
Project("{FAE04EC0-301F-11D3-BF4B-00C04F79EFBC}") = "WebApplication12", "WebApplication12.csproj", "{6A14EC8C-7371-4DF0-968C-4E80D3E316BF}"
EndProject
Global
	GlobalSection(SolutionConfigurationPlatforms) = preSolution
		Debug|Any CPU = Debug|Any CPU
		Release|Any CPU = Release|Any CPU
	EndGlobalSection
	GlobalSection(ProjectConfigurationPlatforms) = postSolution
		{6A14EC8C-7371-4DF0-968C-4E80D3E316BF}.Debug|Any CPU.ActiveCfg = Debug|Any CPU
		{6A14EC8C-7371-4DF0-968C-4E80D3E316BF}.Debug|Any CPU.Build.0 = Debug|Any CPU
		{6A14EC8C-7371-4DF0-968C-4E80D3E316BF}.Release|Any CPU.ActiveCfg = Release|Any CPU
		{6A14EC8C-7371-4DF0-968C-4E80D3E316BF}.Release|Any CPU.Build.0 = Release|Any CPU
	EndGlobalSection
	GlobalSection(SolutionProperties) = preSolution
		HideSolutionNode = FALSE
	EndGlobalSection
	GlobalSection(ExtensibilityGlobals) = postSolution
		SolutionGuid = {FD8E69DA-6A2D-4CDF-A4AC-177A1827E636}
	EndGlobalSection
EndGlobal
